lockfileVersion: '9.0'

settings:
  autoInstallPeers: true
  excludeLinksFromLockfile: false

importers:

  .:
    dependencies:
      '@auth0/nextjs-auth0':
        specifier: ../../
        version: link:../..
      next:
        specifier: 16.2.6
        version: 16.2.6(react-dom@19.0.1(react@19.0.1))(react@19.0.1)
      react:
        specifier: 19.0.1
        version: 19.0.1
      react-dom:
        specifier: 19.0.1
        version: 19.0.1(react@19.0.1)
    devDependencies:
      '@types/node':
        specifier: ^22.8.6
        version: 22.20.0
      '@types/react':
        specifier: ^19.0.1
        version: 19.2.17
      '@types/react-dom':
        specifier: ^19.0.1
        version: 19.2.3(@types/react@19.2.17)
      typescript:
        specifier: ~5.9.3
        version: 5.9.3

packages:

  '@emnapi/runtime@1.11.1':
    resolution: {integrity: sha512-vgj7R3y3Wgx24IQaGPA/R6YFXLHVMOZ0uVEyIQPaWs+rd1AzfEMXlAC22FYwO1XkKR6NPsq7mUandH8oIRdZFw==}

  '@img/colour@1.1.0':
    resolution: {integrity: sha512-Td76q7j57o/tLVdgS746cYARfSyxk8iEfRxewL9h4OMzYhbW4TAcppl0mT4eyqXddh6L/jwoM75mo7ixa/pCeQ==}
    engines: {node: '>=18'}

  '@img/sharp-darwin-arm64@0.34.5':
    resolution: {integrity: sha512-imtQ3WMJXbMY4fxb/Ndp6HBTNVtWCUI0WdobyheGf5+ad6xX8VIDO8u2xE4qc/fr08CKG/7dDseFtn6M6g/r3w==}
    engines: {node: ^18.17.0 || ^20.3.0 || >=21.0.0}
    cpu: [arm64]
    os: [darwin]

  '@img/sharp-darwin-x64@0.34.5':
    resolution: {integrity: sha512-YNEFAF/4KQ/PeW0N+r+aVVsoIY0/qxxikF2SWdp+NRkmMB7y9LBZAVqQ4yhGCm/H3H270OSykqmQMKLBhBJDEw==}
    engines: {node: ^18.17.0 || ^20.3.0 || >=21.0.0}
    cpu: [x64]
    os: [darwin]

  '@img/sharp-libvips-darwin-arm64@1.2.4':
    resolution: {integrity: sha512-zqjjo7RatFfFoP0MkQ51jfuFZBnVE2pRiaydKJ1G/rHZvnsrHAOcQALIi9sA5co5xenQdTugCvtb1cuf78Vf4g==}
    cpu: [arm64]
    os: [darwin]

  '@img/sharp-libvips-darwin-x64@1.2.4':
    resolution: {integrity: sha512-1IOd5xfVhlGwX+zXv2N93k0yMONvUlANylbJw1eTah8K/Jtpi15KC+WSiaX/nBmbm2HxRM1gZ0nSdjSsrZbGKg==}
    cpu: [x64]
    os: [darwin]

  '@img/sharp-libvips-linux-arm64@1.2.4':
    resolution: {integrity: sha512-excjX8DfsIcJ10x1Kzr4RcWe1edC9PquDRRPx3YVCvQv+U5p7Yin2s32ftzikXojb1PIFc/9Mt28/y+iRklkrw==}
    cpu: [arm64]
    os: [linux]
    libc: [glibc]

  '@img/sharp-libvips-linux-arm@1.2.4':
    resolution: {integrity: sha512-bFI7xcKFELdiNCVov8e44Ia4u2byA+l3XtsAj+Q8tfCwO6BQ8iDojYdvoPMqsKDkuoOo+X6HZA0s0q11ANMQ8A==}
    cpu: [arm]
    os: [linux]
    libc: [glibc]

  '@img/sharp-libvips-linux-ppc64@1.2.4':
    resolution: {integrity: sha512-FMuvGijLDYG6lW+b/UvyilUWu5Ayu+3r2d1S8notiGCIyYU/76eig1UfMmkZ7vwgOrzKzlQbFSuQfgm7GYUPpA==}
    cpu: [ppc64]
    os: [linux]
    libc: [glibc]

  '@img/sharp-libvips-linux-riscv64@1.2.4':
    resolution: {integrity: sha512-oVDbcR4zUC0ce82teubSm+x6ETixtKZBh/qbREIOcI3cULzDyb18Sr/Wcyx7NRQeQzOiHTNbZFF1UwPS2scyGA==}
    cpu: [riscv64]
    os: [linux]
    libc: [glibc]

  '@img/sharp-libvips-linux-s390x@1.2.4':
    resolution: {integrity: sha512-qmp9VrzgPgMoGZyPvrQHqk02uyjA0/QrTO26Tqk6l4ZV0MPWIW6LTkqOIov+J1yEu7MbFQaDpwdwJKhbJvuRxQ==}
    cpu: [s390x]
    os: [linux]
    libc: [glibc]

  '@img/sharp-libvips-linux-x64@1.2.4':
    resolution: {integrity: sha512-tJxiiLsmHc9Ax1bz3oaOYBURTXGIRDODBqhveVHonrHJ9/+k89qbLl0bcJns+e4t4rvaNBxaEZsFtSfAdquPrw==}
    cpu: [x64]
    os: [linux]
    libc: [glibc]

  '@img/sharp-libvips-linuxmusl-arm64@1.2.4':
    resolution: {integrity: sha512-FVQHuwx1IIuNow9QAbYUzJ+En8KcVm9Lk5+uGUQJHaZmMECZmOlix9HnH7n1TRkXMS0pGxIJokIVB9SuqZGGXw==}
    cpu: [arm64]
    os: [linux]
    libc: [musl]

  '@img/sharp-libvips-linuxmusl-x64@1.2.4':
    resolution: {integrity: sha512-+LpyBk7L44ZIXwz/VYfglaX/okxezESc6UxDSoyo2Ks6Jxc4Y7sGjpgU9s4PMgqgjj1gZCylTieNamqA1MF7Dg==}
    cpu: [x64]
    os: [linux]
    libc: [musl]

  '@img/sharp-linux-arm64@0.34.5':
    resolution: {integrity: sha512-bKQzaJRY/bkPOXyKx5EVup7qkaojECG6NLYswgktOZjaXecSAeCWiZwwiFf3/Y+O1HrauiE3FVsGxFg8c24rZg==}
    engines: {node: ^18.17.0 || ^20.3.0 || >=21.0.0}
    cpu: [arm64]
    os: [linux]
    libc: [glibc]

  '@img/sharp-linux-arm@0.34.5':
    resolution: {integrity: sha512-9dLqsvwtg1uuXBGZKsxem9595+ujv0sJ6Vi8wcTANSFpwV/GONat5eCkzQo/1O6zRIkh0m/8+5BjrRr7jDUSZw==}
    engines: {node: ^18.17.0 || ^20.3.0 || >=21.0.0}
    cpu: [arm]
    os: [linux]
    libc: [glibc]

  '@img/sharp-linux-ppc64@0.34.5':
    resolution: {integrity: sha512-7zznwNaqW6YtsfrGGDA6BRkISKAAE1Jo0QdpNYXNMHu2+0dTrPflTLNkpc8l7MUP5M16ZJcUvysVWWrMefZquA==}
    engines: {node: ^18.17.0 || ^20.3.0 || >=21.0.0}
    cpu: [ppc64]
    os: [linux]
    libc: [glibc]

  '@img/sharp-linux-riscv64@0.34.5':
    resolution: {integrity: sha512-51gJuLPTKa7piYPaVs8GmByo7/U7/7TZOq+cnXJIHZKavIRHAP77e3N2HEl3dgiqdD/w0yUfiJnII77PuDDFdw==}
    engines: {node: ^18.17.0 || ^20.3.0 || >=21.0.0}
    cpu: [riscv64]
    os: [linux]
    libc: [glibc]

  '@img/sharp-linux-s390x@0.34.5':
    resolution: {integrity: sha512-nQtCk0PdKfho3eC5MrbQoigJ2gd1CgddUMkabUj+rBevs8tZ2cULOx46E7oyX+04WGfABgIwmMC0VqieTiR4jg==}
    engines: {node: ^18.17.0 || ^20.3.0 || >=21.0.0}
    cpu: [s390x]
    os: [linux]
    libc: [glibc]

  '@img/sharp-linux-x64@0.34.5':
    resolution: {integrity: sha512-MEzd8HPKxVxVenwAa+JRPwEC7QFjoPWuS5NZnBt6B3pu7EG2Ge0id1oLHZpPJdn3OQK+BQDiw9zStiHBTJQQQQ==}
    engines: {node: ^18.17.0 || ^20.3.0 || >=21.0.0}
    cpu: [x64]
    os: [linux]
    libc: [glibc]

  '@img/sharp-linuxmusl-arm64@0.34.5':
    resolution: {integrity: sha512-fprJR6GtRsMt6Kyfq44IsChVZeGN97gTD331weR1ex1c1rypDEABN6Tm2xa1wE6lYb5DdEnk03NZPqA7Id21yg==}
    engines: {node: ^18.17.0 || ^20.3.0 || >=21.0.0}
    cpu: [arm64]
    os: [linux]
    libc: [musl]

  '@img/sharp-linuxmusl-x64@0.34.5':
    resolution: {integrity: sha512-Jg8wNT1MUzIvhBFxViqrEhWDGzqymo3sV7z7ZsaWbZNDLXRJZoRGrjulp60YYtV4wfY8VIKcWidjojlLcWrd8Q==}
    engines: {node: ^18.17.0 || ^20.3.0 || >=21.0.0}
    cpu: [x64]
    os: [linux]
    libc: [musl]

  '@img/sharp-wasm32@0.34.5':
    resolution: {integrity: sha512-OdWTEiVkY2PHwqkbBI8frFxQQFekHaSSkUIJkwzclWZe64O1X4UlUjqqqLaPbUpMOQk6FBu/HtlGXNblIs0huw==}
    engines: {node: ^18.17.0 || ^20.3.0 || >=21.0.0}
    cpu: [wasm32]

  '@img/sharp-win32-arm64@0.34.5':
    resolution: {integrity: sha512-WQ3AgWCWYSb2yt+IG8mnC6Jdk9Whs7O0gxphblsLvdhSpSTtmu69ZG1Gkb6NuvxsNACwiPV6cNSZNzt0KPsw7g==}
    engines: {node: ^18.17.0 || ^20.3.0 || >=21.0.0}
    cpu: [arm64]
    os: [win32]

  '@img/sharp-win32-ia32@0.34.5':
    resolution: {integrity: sha512-FV9m/7NmeCmSHDD5j4+4pNI8Cp3aW+JvLoXcTUo0IqyjSfAZJ8dIUmijx1qaJsIiU+Hosw6xM5KijAWRJCSgNg==}
    engines: {node: ^18.17.0 || ^20.3.0 || >=21.0.0}
    cpu: [ia32]
    os: [win32]

  '@img/sharp-win32-x64@0.34.5':
    resolution: {integrity: sha512-+29YMsqY2/9eFEiW93eqWnuLcWcufowXewwSNIT6UwZdUUCrM3oFjMWH/Z6/TMmb4hlFenmfAVbpWeup2jryCw==}
    engines: {node: ^18.17.0 || ^20.3.0 || >=21.0.0}
    cpu: [x64]
    os: [win32]

  '@next/env@16.2.6':
    resolution: {integrity: sha512-gd8HoHN4ufj73WmR3JmVolrpJR47ILK6LouP5xElPglaVxir6e1a7VzvTvDWkOoPXT9rkkTzyCxBu4yeZfZwcw==}

  '@next/swc-darwin-arm64@16.2.6':
    resolution: {integrity: sha512-ZJGkkcNfYgrrMkqOdZ7zoLa1TOy0qpcMfk/z4Mh/FKUz40gVO+HNQWqmLxf67Z5WB64DRp0dhEbyHfel+6sJUg==}
    engines: {node: '>= 10'}
    cpu: [arm64]
    os: [darwin]

  '@next/swc-darwin-x64@16.2.6':
    resolution: {integrity: sha512-v/YLBHIY132Ced3puBJ7YJKw1lqsCrgcNo2aRJlCEyQrrCeRJlvGlnmxhPxNQI3KE3N1DN5r9TPNPvka3nq5RQ==}
    engines: {node: '>= 10'}
    cpu: [x64]
    os: [darwin]

  '@next/swc-linux-arm64-gnu@16.2.6':
    resolution: {integrity: sha512-RPOvqlYBbcQjkz9VQQDZ2T2bARIjXZV1KFlt+V2Mr6SW/e4I9fcKsaA0hdyf2FHoTlsV2xnBd5Y912rP/1Ce6w==}
    engines: {node: '>= 10'}
    cpu: [arm64]
    os: [linux]
    libc: [glibc]

  '@next/swc-linux-arm64-musl@16.2.6':
    resolution: {integrity: sha512-URUTu1+dMkxJsPFgm+OeEvq9wf5sujw0EvgYy80TDGHTSLTnIHeqb0Eu8A3sC95IRgjejQL+kC4mw+4yPxiAXA==}
    engines: {node: '>= 10'}
    cpu: [arm64]
    os: [linux]
    libc: [musl]

  '@next/swc-linux-x64-gnu@16.2.6':
    resolution: {integrity: sha512-DOj182mPV8G3UkrayLoREM5YEYI+Dk5wv7Ox9xl1fFibAELEsFD0lDPfHIeILlutMMfdyhlzYPELG3peuKaurw==}
    engines: {node: '>= 10'}
    cpu: [x64]
    os: [linux]
    libc: [glibc]

  '@next/swc-linux-x64-musl@16.2.6':
    resolution: {integrity: sha512-HKQ5SP/V/ub73UvF7n/zeJlxk2kLmtL7Wzrg4WfmkjmNos5onJ2tKu7yZOPdL18A6Svfn3max29ym+ry7NkK4g==}
    engines: {node: '>= 10'}
    cpu: [x64]
    os: [linux]
    libc: [musl]

  '@next/swc-win32-arm64-msvc@16.2.6':
    resolution: {integrity: sha512-LZXpTlPyS5v7HhSmnvsLGP3iIYgYOBnc8r8ArlT55sGHV89bR2HlDdBjWQ+PY6SJMmk8TuVGFuxalnP3k/0Dwg==}
    engines: {node: '>= 10'}
    cpu: [arm64]
    os: [win32]

  '@next/swc-win32-x64-msvc@16.2.6':
    resolution: {integrity: sha512-F0+4i0h9J6C4eE3EAPWsoCk7UW/dbzOjyzxY0qnDUOYFu6FFmdZ6l97/XdV3/Nz3VYyO7UWjyEJUXkGqcoXfMA==}
    engines: {node: '>= 10'}
    cpu: [x64]
    os: [win32]

  '@swc/helpers@0.5.15':
    resolution: {integrity: sha512-JQ5TuMi45Owi4/BIMAJBoSQoOJu12oOk/gADqlcUL9JEdHB8vyjUSsxqeNXnmXHjYKMi2WcYtezGEEhqUI/E2g==}

  '@types/node@22.20.0':
    resolution: {integrity: sha512-QWlFW2wf3nTjC13/DqRnBpR4ZO36VJH/JVBkA/vcnmbTBNQIlnObqyqZE1tUR7+Ni23Lda8R1BxMfbXRpCUx5g==}

  '@types/react-dom@19.2.3':
    resolution: {integrity: sha512-jp2L/eY6fn+KgVVQAOqYItbF0VY/YApe5Mz2F0aykSO8gx31bYCZyvSeYxCHKvzHG5eZjc+zyaS5BrBWya2+kQ==}
    peerDependencies:
      '@types/react': ^19.2.0

  '@types/react@19.2.17':
    resolution: {integrity: sha512-MXfmqaVPEVgkBT/aY0aGCkRWWtByiYQXo3xdQ8r5RzuFrPiRn8Gar2tQdXSUQ2GKV3bkXckek89V8wQBY2Q/Aw==}

  baseline-browser-mapping@2.10.40:
    resolution: {integrity: sha512-BSSLZ9/Cjjv7Gtj5B68ZzXcXUg8iOf3fme+FCuh8rC/Go+Kmh8cox7M3A8dolou16s64QjLPOSdngh7GxXvkSw==}
    engines: {node: '>=6.0.0'}
    hasBin: true

  caniuse-lite@1.0.30001800:
    resolution: {integrity: sha512-MMHtuAz9Ys840zAY5F4k6fV5GaivZ9sPk+nz0mY+GYVzRBnYkN0mpqkSR92oWRQ19yQWo4HvBV/FnC16AJX8MA==}

  client-only@0.0.1:
    resolution: {integrity: sha512-IV3Ou0jSMzZrd3pZ48nLkT9DA7Ag1pnPzaiQhpW7c3RbcqqzvzzVu+L8gfqMp/8IM2MQtSiqaCxrrcfu8I8rMA==}

  csstype@3.2.3:
    resolution: {integrity: sha512-z1HGKcYy2xA8AGQfwrn0PAy+PB7X/GSj3UVJW9qKyn43xWa+gl5nXmU4qqLMRzWVLFC8KusUX8T/0kCiOYpAIQ==}

  detect-libc@2.1.2:
    resolution: {integrity: sha512-Btj2BOOO83o3WyH59e8MgXsxEQVcarkUOpEYrubB0urwnN10yQ364rsiByU11nZlqWYZm05i/of7io4mzihBtQ==}
    engines: {node: '>=8'}

  nanoid@3.3.15:
    resolution: {integrity: sha512-y7Wygv/7mEOvxTuEQDB8StXdMRBWf1kR/tlhAzBRUFkB2jfcLOAxO/SHmOO2zgz1pVgK29/kyupn059/bCHdjA==}
    engines: {node: ^10 || ^12 || ^13.7 || ^14 || >=15.0.1}
    hasBin: true

  next@16.2.6:
    resolution: {integrity: sha512-qOVgKJg1+At15NpeUP+eJgCHvTCgXsogweq87Ri/Ix7PkqQHg4sdaXmSFqKlgaIXE4kW0g25LE68W87UANlHtw==}
    engines: {node: '>=20.9.0'}
    hasBin: true
    peerDependencies:
      '@opentelemetry/api': ^1.1.0
      '@playwright/test': ^1.51.1
      babel-plugin-react-compiler: '*'
      react: ^18.2.0 || 19.0.0-rc-de68d2f4-20241204 || ^19.0.0
      react-dom: ^18.2.0 || 19.0.0-rc-de68d2f4-20241204 || ^19.0.0
      sass: ^1.3.0
    peerDependenciesMeta:
      '@opentelemetry/api':
        optional: true
      '@playwright/test':
        optional: true
      babel-plugin-react-compiler:
        optional: true
      sass:
        optional: true

  picocolors@1.1.1:
    resolution: {integrity: sha512-xceH2snhtb5M9liqDsmEw56le376mTZkEX/jEb/RxNFyegNul7eNslCXP9FDj/Lcu0X8KEyMceP2ntpaHrDEVA==}

  postcss@8.4.31:
    resolution: {integrity: sha512-PS08Iboia9mts/2ygV3eLpY5ghnUcfLV/EXTOW1E2qYxJKGGBUtNjN76FYHnMs36RmARn41bC0AZmn+rR0OVpQ==}
    engines: {node: ^10 || ^12 || >=14}

  react-dom@19.0.1:
    resolution: {integrity: sha512-3TJg51HSbJiLVYCS6vWwWsyqoS36aGEOCmtLLHxROlSZZ5Bk10xpxHFbrCu4DdqgR85DDc9Vucxqhai3g2xjtA==}
    peerDependencies:
      react: ^19.0.1

  react@19.0.1:
    resolution: {integrity: sha512-nVRaZCuEyvu69sWrkdwjP6QY57C+lY+uMNNMyWUFJb9Z/JlaBOQus7mSMfGYsblv7R691u6SSJA/dX9IRnyyLQ==}
    engines: {node: '>=0.10.0'}

  scheduler@0.25.0:
    resolution: {integrity: sha512-xFVuu11jh+xcO7JOAGJNOXld8/TcEHK/4CituBUeUb5hqxJLj9YuemAEuvm9gQ/+pgXYfbQuqAkiYu+u7YEsNA==}

  semver@7.8.5:
    resolution: {integrity: sha512-Y7/KDsb8LjooZpwaqGyulO6DQlksgCncchHGk+sZIY4SBvUocMBEFH5Ur1fI4dV+Jvl0w6cjvucaIi40puRioA==}
    engines: {node: '>=10'}
    hasBin: true

  sharp@0.34.5:
    resolution: {integrity: sha512-Ou9I5Ft9WNcCbXrU9cMgPBcCK8LiwLqcbywW3t4oDV37n1pzpuNLsYiAV8eODnjbtQlSDwZ2cUEeQz4E54Hltg==}
    engines: {node: ^18.17.0 || ^20.3.0 || >=21.0.0}

  source-map-js@1.2.1:
    resolution: {integrity: sha512-UXWMKhLOwVKb728IUtQPXxfYU+usdybtUrK/8uGE8CQMvrhOpwvzDBwj0QhSL7MQc7vIsISBG8VQ8+IDQxpfQA==}
    engines: {node: '>=0.10.0'}

  styled-jsx@5.1.6:
    resolution: {integrity: sha512-qSVyDTeMotdvQYoHWLNGwRFJHC+i+ZvdBRYosOFgC+Wg1vx4frN2/RG/NA7SYqqvKNLf39P2LSRA2pu6n0XYZA==}
    engines: {node: '>= 12.0.0'}
    peerDependencies:
      '@babel/core': '*'
      babel-plugin-macros: '*'
      react: '>= 16.8.0 || 17.x.x || ^18.0.0-0 || ^19.0.0-0'
    peerDependenciesMeta:
      '@babel/core':
        optional: true
      babel-plugin-macros:
        optional: true

  tslib@2.8.1:
    resolution: {integrity: sha512-oJFu94HQb+KVduSUQL7wnpmqnfmLsOA/nAh6b6EH0wCEoK0/mPeXU6c3wKDV83MkOuHPRHtSXKKU99IBazS/2w==}

  typescript@5.9.3:
    resolution: {integrity: sha512-jl1vZzPDinLr9eUt3J/t7V6FgNEw9QjvBPdysz9KfQDD41fQrC2Y4vKQdiaUpFT4bXlb1RHhLpp8wtm6M5TgSw==}
    engines: {node: '>=14.17'}
    hasBin: true

  undici-types@6.21.0:
    resolution: {integrity: sha512-iwDZqg0QAGrg9Rav5H4n0M64c3mkR59cJ6wQp+7C4nI0gsmExaedaYLNO44eT4AtBBwjbTiGPMlt2Md0T9H9JQ==}

snapshots:

  '@emnapi/runtime@1.11.1':
    dependencies:
      tslib: 2.8.1
    optional: true

  '@img/colour@1.1.0':
    optional: true

  '@img/sharp-darwin-arm64@0.34.5':
    optionalDependencies:
      '@img/sharp-libvips-darwin-arm64': 1.2.4
    optional: true

  '@img/sharp-darwin-x64@0.34.5':
    optionalDependencies:
      '@img/sharp-libvips-darwin-x64': 1.2.4
    optional: true

  '@img/sharp-libvips-darwin-arm64@1.2.4':
    optional: true

  '@img/sharp-libvips-darwin-x64@1.2.4':
    optional: true

  '@img/sharp-libvips-linux-arm64@1.2.4':
    optional: true

  '@img/sharp-libvips-linux-arm@1.2.4':
    optional: true

  '@img/sharp-libvips-linux-ppc64@1.2.4':
    optional: true

  '@img/sharp-libvips-linux-riscv64@1.2.4':
    optional: true

  '@img/sharp-libvips-linux-s390x@1.2.4':
    optional: true

  '@img/sharp-libvips-linux-x64@1.2.4':
    optional: true

  '@img/sharp-libvips-linuxmusl-arm64@1.2.4':
    optional: true

  '@img/sharp-libvips-linuxmusl-x64@1.2.4':
    optional: true

  '@img/sharp-linux-arm64@0.34.5':
    optionalDependencies:
      '@img/sharp-libvips-linux-arm64': 1.2.4
    optional: true

  '@img/sharp-linux-arm@0.34.5':
    optionalDependencies:
      '@img/sharp-libvips-linux-arm': 1.2.4
    optional: true

  '@img/sharp-linux-ppc64@0.34.5':
    optionalDependencies:
      '@img/sharp-libvips-linux-ppc64': 1.2.4
    optional: true

  '@img/sharp-linux-riscv64@0.34.5':
    optionalDependencies:
      '@img/sharp-libvips-linux-riscv64': 1.2.4
    optional: true

  '@img/sharp-linux-s390x@0.34.5':
    optionalDependencies:
      '@img/sharp-libvips-linux-s390x': 1.2.4
    optional: true

  '@img/sharp-linux-x64@0.34.5':
    optionalDependencies:
      '@img/sharp-libvips-linux-x64': 1.2.4
    optional: true

  '@img/sharp-linuxmusl-arm64@0.34.5':
    optionalDependencies:
      '@img/sharp-libvips-linuxmusl-arm64': 1.2.4
    optional: true

  '@img/sharp-linuxmusl-x64@0.34.5':
    optionalDependencies:
      '@img/sharp-libvips-linuxmusl-x64': 1.2.4
    optional: true

  '@img/sharp-wasm32@0.34.5':
    dependencies:
      '@emnapi/runtime': 1.11.1
    optional: true

  '@img/sharp-win32-arm64@0.34.5':
    optional: true

  '@img/sharp-win32-ia32@0.34.5':
    optional: true

  '@img/sharp-win32-x64@0.34.5':
    optional: true

  '@next/env@16.2.6': {}

  '@next/swc-darwin-arm64@16.2.6':
    optional: true

  '@next/swc-darwin-x64@16.2.6':
    optional: true

  '@next/swc-linux-arm64-gnu@16.2.6':
    optional: true

  '@next/swc-linux-arm64-musl@16.2.6':
    optional: true

  '@next/swc-linux-x64-gnu@16.2.6':
    optional: true

  '@next/swc-linux-x64-musl@16.2.6':
    optional: true

  '@next/swc-win32-arm64-msvc@16.2.6':
    optional: true

  '@next/swc-win32-x64-msvc@16.2.6':
    optional: true

  '@swc/helpers@0.5.15':
    dependencies:
      tslib: 2.8.1

  '@types/node@22.20.0':
    dependencies:
      undici-types: 6.21.0

  '@types/react-dom@19.2.3(@types/react@19.2.17)':
    dependencies:
      '@types/react': 19.2.17

  '@types/react@19.2.17':
    dependencies:
      csstype: 3.2.3

  baseline-browser-mapping@2.10.40: {}

  caniuse-lite@1.0.30001800: {}

  client-only@0.0.1: {}

  csstype@3.2.3: {}

  detect-libc@2.1.2:
    optional: true

  nanoid@3.3.15: {}

  next@16.2.6(react-dom@19.0.1(react@19.0.1))(react@19.0.1):
    dependencies:
      '@next/env': 16.2.6
      '@swc/helpers': 0.5.15
      baseline-browser-mapping: 2.10.40
      caniuse-lite: 1.0.30001800
      postcss: 8.4.31
      react: 19.0.1
      react-dom: 19.0.1(react@19.0.1)
      styled-jsx: 5.1.6(react@19.0.1)
    optionalDependencies:
      '@next/swc-darwin-arm64': 16.2.6
      '@next/swc-darwin-x64': 16.2.6
      '@next/swc-linux-arm64-gnu': 16.2.6
      '@next/swc-linux-arm64-musl': 16.2.6
      '@next/swc-linux-x64-gnu': 16.2.6
      '@next/swc-linux-x64-musl': 16.2.6
      '@next/swc-win32-arm64-msvc': 16.2.6
      '@next/swc-win32-x64-msvc': 16.2.6
      sharp: 0.34.5
    transitivePeerDependencies:
      - '@babel/core'
      - babel-plugin-macros

  picocolors@1.1.1: {}

  postcss@8.4.31:
    dependencies:
      nanoid: 3.3.15
      picocolors: 1.1.1
      source-map-js: 1.2.1

  react-dom@19.0.1(react@19.0.1):
    dependencies:
      react: 19.0.1
      scheduler: 0.25.0

  react@19.0.1: {}

  scheduler@0.25.0: {}

  semver@7.8.5:
    optional: true

  sharp@0.34.5:
    dependencies:
      '@img/colour': 1.1.0
      detect-libc: 2.1.2
      semver: 7.8.5
    optionalDependencies:
      '@img/sharp-darwin-arm64': 0.34.5
      '@img/sharp-darwin-x64': 0.34.5
      '@img/sharp-libvips-darwin-arm64': 1.2.4
      '@img/sharp-libvips-darwin-x64': 1.2.4
      '@img/sharp-libvips-linux-arm': 1.2.4
      '@img/sharp-libvips-linux-arm64': 1.2.4
      '@img/sharp-libvips-linux-ppc64': 1.2.4
      '@img/sharp-libvips-linux-riscv64': 1.2.4
      '@img/sharp-libvips-linux-s390x': 1.2.4
      '@img/sharp-libvips-linux-x64': 1.2.4
      '@img/sharp-libvips-linuxmusl-arm64': 1.2.4
      '@img/sharp-libvips-linuxmusl-x64': 1.2.4
      '@img/sharp-linux-arm': 0.34.5
      '@img/sharp-linux-arm64': 0.34.5
      '@img/sharp-linux-ppc64': 0.34.5
      '@img/sharp-linux-riscv64': 0.34.5
      '@img/sharp-linux-s390x': 0.34.5
      '@img/sharp-linux-x64': 0.34.5
      '@img/sharp-linuxmusl-arm64': 0.34.5
      '@img/sharp-linuxmusl-x64': 0.34.5
      '@img/sharp-wasm32': 0.34.5
      '@img/sharp-win32-arm64': 0.34.5
      '@img/sharp-win32-ia32': 0.34.5
      '@img/sharp-win32-x64': 0.34.5
    optional: true

  source-map-js@1.2.1: {}

  styled-jsx@5.1.6(react@19.0.1):
    dependencies:
      client-only: 0.0.1
      react: 19.0.1

  tslib@2.8.1: {}

  typescript@5.9.3: {}

  undici-types@6.21.0: {}
